
Microsoft Visual Studio Solution File, Format Version 12.00
# Visual Studio Version 17
VisualStudioVersion = 17.13.35931.197
MinimumVisualStudioVersion = 10.0.40219.1
Project("{FAE04EC0-301F-11D3-BF4B-00C04F79EFBC}") = "FoodPandaIdentity", "FoodPandaIdentity.csproj", "{87119F88-7077-4BE6-BC54-621581F1BBF4}"
EndProject
Global
	GlobalSection(SolutionConfigurationPlatforms) = preSolution
		Debug|Any CPU = Debug|Any CPU
		Release|Any CPU = Release|Any CPU
	EndGlobalSection
	GlobalSection(ProjectConfigurationPlatforms) = postSolution
		{87119F88-7077-4BE6-BC54-621581F1BBF4}.Debug|Any CPU.ActiveCfg = Debug|Any CPU
		{87119F88-7077-4BE6-BC54-621581F1BBF4}.Debug|Any CPU.Build.0 = Debug|Any CPU
		{87119F88-7077-4BE6-BC54-621581F1BBF4}.Release|Any CPU.ActiveCfg = Release|Any CPU
		{87119F88-7077-4BE6-BC54-621581F1BBF4}.Release|Any CPU.Build.0 = Release|Any CPU
	EndGlobalSection
	GlobalSection(SolutionProperties) = preSolution
		HideSolutionNode = FALSE
	EndGlobalSection
	GlobalSection(ExtensibilityGlobals) = postSolution
		SolutionGuid = {54D3CA65-F5B7-4E8E-B552-C490041377A9}
	EndGlobalSection
EndGlobal
